%{"erlcloud": {:git, "git://github.com/gleber/erlcloud.git", "2c176b8f8edc5781955d13c2510ce2be707ee461", [branch: "master"]},
  "jsx": {:hex, :jsx, "2.1.1"},
  "lhttpc": {:git, "git://github.com/talko/lhttpc", "2d01a5f9c7543b77bdd57f44c92e72801f46e423", [ref: "master"]},
  "meck": {:git, "https://github.com/eproxus/meck.git", "04d67d2aad5e0268f2fcfcc715fce7ad87249b3f", [ref: "master"]},
  "uuid": {:git, "git://github.com/avtobiff/erlang-uuid.git", "9cfe9666f1787d27550495c9c9cfa0297d861252", []}}
